// !$*UTF8*$!
{
	archiveVersion = 1;
	classes = {
	};
	objectVersion = 46;
	objects = {

/* Begin PBXBuildFile section */
		189128901E5EBBEA00D6CB5B /* EmotionsVC.swift in Sources */ = {isa = PBXBuildFile; fileRef = 1891288F1E5EBBEA00D6CB5B /* EmotionsVC.swift */; };
		18BC9CF21E5D5CF0008514C5 /* FacialExpression.swift in Sources */ = {isa = PBXBuildFile; fileRef = 18BC9CF11E5D5CF0008514C5 /* FacialExpression.swift */; };
		18F18A911E5C6C4E00FECC11 /* AppDelegate.swift in Sources */ = {isa = PBXBuildFile; fileRef = 18F18A901E5C6C4E00FECC11 /* AppDelegate.swift */; };
		18F18A931E5C6C4E00FECC11 /* FaceViewController.swift in Sources */ = {isa = PBXBuildFile; fileRef = 18F18A921E5C6C4E00FECC11 /* FaceViewController.swift */; };
		18F18A961E5C6C4E00FECC11 /* Main.storyboard in Resources */ = {isa = PBXBuildFile; fileRef = 18F18A941E5C6C4E00FECC11 /* Main.storyboard */; };
		18F18A981E5C6C4E00FECC11 /* Assets.xcassets in Resources */ = {isa = PBXBuildFile; fileRef = 18F18A971E5C6C4E00FECC11 /* Assets.xcassets */; };
		18F18A9B1E5C6C4E00FECC11 /* LaunchScreen.storyboard in Resources */ = {isa = PBXBuildFile; fileRef = 18F18A991E5C6C4E00FECC11 /* LaunchScreen.storyboard */; };
		18F18AA41E5C6CFE00FECC11 /* FaceView.swift in Sources */ = {isa = PBXBuildFile; fileRef = 18F18AA31E5C6CFE00FECC11 /* FaceView.swift */; };
/* End PBXBuildFile section */

/* Begin PBXFileReference section */
		1891288F1E5EBBEA00D6CB5B /* EmotionsVC.swift */ = {isa = PBXFileReference; fileEncoding = 4; lastKnownFileType = sourcecode.swift; path = EmotionsVC.swift; sourceTree = "<group>"; };
		18BC9CF11E5D5CF0008514C5 /* FacialExpression.swift */ = {isa = PBXFileReference; fileEncoding = 4; lastKnownFileType = sourcecode.swift; path = FacialExpression.swift; sourceTree = "<group>"; };
		18F18A8D1E5C6C4E00FECC11 /* FaceIt.app */ = {isa = PBXFileReference; explicitFileType = wrapper.application; includeInIndex = 0; path = FaceIt.app; sourceTree = BUILT_PRODUCTS_DIR; };
		18F18A901E5C6C4E00FECC11 /* AppDelegate.swift */ = {isa = PBXFileReference; lastKnownFileType = sourcecode.swift; path = AppDelegate.swift; sourceTree = "<group>"; };
		18F18A921E5C6C4E00FECC11 /* FaceViewController.swift */ = {isa = PBXFileReference; lastKnownFileType = sourcecode.swift; path = FaceViewController.swift; sourceTree = "<group>"; };
		18F18A951E5C6C4E00FECC11 /* Base */ = {isa = PBXFileReference; lastKnownFileType = file.storyboard; name = Base; path = Base.lproj/Main.storyboard; sourceTree = "<group>"; };
		18F18A971E5C6C4E00FECC11 /* Assets.xcassets */ = {isa = PBXFileReference; lastKnownFileType = folder.assetcatalog; path = Assets.xcassets; sourceTree = "<group>"; };
		18F18A9A1E5C6C4E00FECC11 /* Base */ = {isa = PBXFileReference; lastKnownFileType = file.storyboard; name = Base; path = Base.lproj/LaunchScreen.storyboard; sourceTree = "<group>"; };
		18F18A9C1E5C6C4E00FECC11 /* Info.plist */ = {isa = PBXFileReference; lastKnownFileType = text.plist.xml; path = Info.plist; sourceTree = "<group>"; };
		18F18AA31E5C6CFE00FECC11 /* FaceView.swift */ = {isa = PBXFileReference; fileEncoding = 4; lastKnownFileType = sourcecode.swift; path = FaceView.swift; sourceTree = "<group>"; };
/* End PBXFileReference section */

/* Begin PBXFrameworksBuildPhase section */
		18F18A8A1E5C6C4E00FECC11 /* Frameworks */ = {
			isa = PBXFrameworksBuildPhase;
			buildActionMask = 2147483647;
			files = (
			);
			runOnlyForDeploymentPostprocessing = 0;
		};
/* End PBXFrameworksBuildPhase section */

/* Begin PBXGroup section */
		18F18A841E5C6C4E00FECC11 = {
			isa = PBXGroup;
			children = (
				18F18A8F1E5C6C4E00FECC11 /* FaceIt */,
				18F18A8E1E5C6C4E00FECC11 /* Products */,
			);
			sourceTree = "<group>";
		};
		18F18A8E1E5C6C4E00FECC11 /* Products */ = {
			isa = PBXGroup;
			children = (
				18F18A8D1E5C6C4E00FECC11 /* FaceIt.app */,
			);
			name = Products;
			sourceTree = "<group>";
		};
		18F18A8F1E5C6C4E00FECC11 /* FaceIt */ = {
			isa = PBXGroup;
			children = (
				18F18A941E5C6C4E00FECC11 /* Main.storyboard */,
				1891288F1E5EBBEA00D6CB5B /* EmotionsVC.swift */,
				18F18A921E5C6C4E00FECC11 /* FaceViewController.swift */,
				18F18AA31E5C6CFE00FECC11 /* FaceView.swift */,
				18BC9CF11E5D5CF0008514C5 /* FacialExpression.swift */,
				18F18AA21E5C6C5E00FECC11 /* Supporting Files */,
			);
			path = FaceIt;
			sourceTree = "<group>";
		};
		18F18AA21E5C6C5E00FECC11 /* Supporting Files */ = {
			isa = PBXGroup;
			children = (
				18F18A901E5C6C4E00FECC11 /* AppDelegate.swift */,
				18F18A971E5C6C4E00FECC11 /* Assets.xcassets */,
				18F18A991E5C6C4E00FECC11 /* LaunchScreen.storyboard */,
				18F18A9C1E5C6C4E00FECC11 /* Info.plist */,
			);
			name = "Supporting Files";
			sourceTree = "<group>";
		};
/* End PBXGroup section */

/* Begin PBXNativeTarget section */
		18F18A8C1E5C6C4E00FECC11 /* FaceIt */ = {
			isa = PBXNativeTarget;
			buildConfigurationList = 18F18A9F1E5C6C4E00FECC11 /* Build configuration list for PBXNativeTarget "FaceIt" */;
			buildPhases = (
				18F18A891E5C6C4E00FECC11 /* Sources */,
				18F18A8A1E5C6C4E00FECC11 /* Frameworks */,
				18F18A8B1E5C6C4E00FECC11 /* Resources */,
			);
			buildRules = (
			);
			dependencies = (
			);
			name = FaceIt;
			productName = FaceIt;
			productReference = 18F18A8D1E5C6C4E00FECC11 /* FaceIt.app */;
			productType = "com.apple.product-type.application";
		};
/* End PBXNativeTarget section */

/* Begin PBXProject section */
		18F18A851E5C6C4E00FECC11 /* Project object */ = {
			isa = PBXProject;
			attributes = {
				LastSwiftUpdateCheck = 0820;
				LastUpgradeCheck = 0820;
				ORGANIZATIONNAME = BlueStanford;
				TargetAttributes = {
					18F18A8C1E5C6C4E00FECC11 = {
						CreatedOnToolsVersion = 8.2.1;
						DevelopmentTeam = 36AQE8HEVG;
						ProvisioningStyle = Automatic;
					};
				};
			};
			buildConfigurationList = 18F18A881E5C6C4E00FECC11 /* Build configuration list for PBXProject "FaceIt" */;
			compatibilityVersion = "Xcode 3.2";
			developmentRegion = English;
			hasScannedForEncodings = 0;
			knownRegions = (
				en,
				Base,
			);
			mainGroup = 18F18A841E5C6C4E00FECC11;
			productRefGroup = 18F18A8E1E5C6C4E00FECC11 /* Products */;
			projectDirPath = "";
			projectRoot = "";
			targets = (
				18F18A8C1E5C6C4E00FECC11 /* FaceIt */,
			);
		};
/* End PBXProject section */

/* Begin PBXResourcesBuildPhase section */
		18F18A8B1E5C6C4E00FECC11 /* Resources */ = {
			isa = PBXResourcesBuildPhase;
			buildActionMask = 2147483647;
			files = (
				18F18A9B1E5C6C4E00FECC11 /* LaunchScreen.storyboard in Resources */,
				18F18A981E5C6C4E00FECC11 /* Assets.xcassets in Resources */,
				18F18A961E5C6C4E00FECC11 /* Main.storyboard in Resources */,
			);
			runOnlyForDeploymentPostprocessing = 0;
		};
/* End PBXResourcesBuildPhase section */

/* Begin PBXSourcesBuildPhase section */
		18F18A891E5C6C4E00FECC11 /* Sources */ = {
			isa = PBXSourcesBuildPhase;
			buildActionMask = 2147483647;
			files = (
				18F18A931E5C6C4E00FECC11 /* FaceViewController.swift in Sources */,
				18BC9CF21E5D5CF0008514C5 /* FacialExpression.swift in Sources */,
				189128901E5EBBEA00D6CB5B /* EmotionsVC.swift in Sources */,
				18F18A911E5C6C4E00FECC11 /* AppDelegate.swift in Sources */,
				18F18AA41E5C6CFE00FECC11 /* FaceView.swift in Sources */,
			);
			runOnlyForDeploymentPostprocessing = 0;
		};
/* End PBXSourcesBuildPhase section */

/* Begin PBXVariantGroup section */
		18F18A941E5C6C4E00FECC11 /* Main.storyboard */ = {
			isa = PBXVariantGroup;
			children = (
				18F18A951E5C6C4E00FECC11 /* Base */,
			);
			name = Main.storyboard;
			sourceTree = "<group>";
		};
		18F18A991E5C6C4E00FECC11 /* LaunchScreen.storyboard */ = {
			isa = PBXVariantGroup;
			children = (
				18F18A9A1E5C6C4E00FECC11 /* Base */,
			);
			name = LaunchScreen.storyboard;
			sourceTree = "<group>";
		};
/* End PBXVariantGroup section */

/* Begin XCBuildConfiguration section */
		18F18A9D1E5C6C4E00FECC11 /* Debug */ = {
			isa = XCBuildConfiguration;
			buildSettings = {
				ALWAYS_SEARCH_USER_PATHS = NO;
				CLANG_ANALYZER_NONNULL = YES;
				CLANG_CXX_LANGUAGE_STANDARD = "gnu++0x";
				CLANG_CXX_LIBRARY = "libc++";
				CLANG_ENABLE_MODULES = YES;
				CLANG_ENABLE_OBJC_ARC = YES;
				CLANG_WARN_BOOL_CONVERSION = YES;
				CLANG_WARN_CONSTANT_CONVERSION = YES;
				CLANG_WARN_DIRECT_OBJC_ISA_USAGE = YES_ERROR;
				CLANG_WARN_DOCUMENTATION_COMMENTS = YES;
				CLANG_WARN_EMPTY_BODY = YES;
				CLANG_WARN_ENUM_CONVERSION = YES;
				CLANG_WARN_INFINITE_RECURSION = YES;
				CLANG_WARN_INT_CONVERSION = YES;
				CLANG_WARN_OBJC_ROOT_CLASS = YES_ERROR;
				CLANG_WARN_SUSPICIOUS_MOVE = YES;
				CLANG_WARN_UNREACHABLE_CODE = YES;
				CLANG_WARN__DUPLICATE_METHOD_MATCH = YES;
				"CODE_SIGN_IDENTITY[sdk=iphoneos*]" = "iPhone Developer";
				COPY_PHASE_STRIP = NO;
				DEBUG_INFORMATION_FORMAT = dwarf;
				ENABLE_STRICT_OBJC_MSGSEND = YES;
				ENABLE_TESTABILITY = YES;
				GCC_C_LANGUAGE_STANDARD = gnu99;
				GCC_DYNAMIC_NO_PIC = NO;
				GCC_NO_COMMON_BLOCKS = YES;
				GCC_OPTIMIZATION_LEVEL = 0;
				GCC_PREPROCESSOR_DEFINITIONS = (
					"DEBUG=1",
					"$(inherited)",
				);
				GCC_WARN_64_TO_32_BIT_CONVERSION = YES;
				GCC_WARN_ABOUT_RETURN_TYPE = YES_ERROR;
				GCC_WARN_UNDECLARED_SELECTOR = YES;
				GCC_WARN_UNINITIALIZED_AUTOS = YES_AGGRESSIVE;
				GCC_WARN_UNUSED_FUNCTION = YES;
				GCC_WARN_UNUSED_VARIABLE = YES;
				IPHONEOS_DEPLOYMENT_TARGET = 10.2;
				MTL_ENABLE_DEBUG_INFO = YES;
				ONLY_ACTIVE_ARCH = YES;
				SDKROOT = iphoneos;
				SWIFT_ACTIVE_COMPILATION_CONDITIONS = DEBUG;
				SWIFT_OPTIMIZATION_LEVEL = "-Onone";
			};
			name = Debug;
		};
		18F18A9E1E5C6C4E00FECC11 /* Release */ = {
			isa = XCBuildConfiguration;
			buildSettings = {
				ALWAYS_SEARCH_USER_PATHS = NO;
				CLANG_ANALYZER_NONNULL = YES;
				CLANG_CXX_LANGUAGE_STANDARD = "gnu++0x";
				CLANG_CXX_LIBRARY = "libc++";
				CLANG_ENABLE_MODULES = YES;
				CLANG_ENABLE_OBJC_ARC = YES;
				CLANG_WARN_BOOL_CONVERSION = YES;
				CLANG_WARN_CONSTANT_CONVERSION = YES;
				CLANG_WARN_DIRECT_OBJC_ISA_USAGE = YES_ERROR;
				CLANG_WARN_DOCUMENTATION_COMMENTS = YES;
				CLANG_WARN_EMPTY_BODY = YES;
				CLANG_WARN_ENUM_CONVERSION = YES;
				CLANG_WARN_INFINITE_RECURSION = YES;
				CLANG_WARN_INT_CONVERSION = YES;
				CLANG_WARN_OBJC_ROOT_CLASS = YES_ERROR;
				CLANG_WARN_SUSPICIOUS_MOVE = YES;
				CLANG_WARN_UNREACHABLE_CODE = YES;
				CLANG_WARN__DUPLICATE_METHOD_MATCH = YES;
				"CODE_SIGN_IDENTITY[sdk=iphoneos*]" = "iPhone Developer";
				COPY_PHASE_STRIP = NO;
				DEBUG_INFORMATION_FORMAT = "dwarf-with-dsym";
				ENABLE_NS_ASSERTIONS = NO;
				ENABLE_STRICT_OBJC_MSGSEND = YES;
				GCC_C_LANGUAGE_STANDARD = gnu99;
				GCC_NO_COMMON_BLOCKS = YES;
				GCC_WARN_64_TO_32_BIT_CONVERSION = YES;
				GCC_WARN_ABOUT_RETURN_TYPE = YES_ERROR;
				GCC_WARN_UNDECLARED_SELECTOR = YES;
				GCC_WARN_UNINITIALIZED_AUTOS = YES_AGGRESSIVE;
				GCC_WARN_UNUSED_FUNCTION = YES;
				GCC_WARN_UNUSED_VARIABLE = YES;
				IPHONEOS_DEPLOYMENT_TARGET = 10.2;
				MTL_ENABLE_DEBUG_INFO = NO;
				SDKROOT = iphoneos;
				SWIFT_OPTIMIZATION_LEVEL = "-Owholemodule";
				VALIDATE_PRODUCT = YES;
			};
			name = Release;
		};
		18F18AA01E5C6C4E00FECC11 /* Debug */ = {
			isa = XCBuildConfiguration;
			buildSettings = {
				ASSETCATALOG_COMPILER_APPICON_NAME = AppIcon;
				DEVELOPMENT_TEAM = 36AQE8HEVG;
				INFOPLIST_FILE = FaceIt/Info.plist;
				LD_RUNPATH_SEARCH_PATHS = "$(inherited) @executable_path/Frameworks";
				PRODUCT_BUNDLE_IDENTIFIER = BlueStanford.FaceIt;
				PRODUCT_NAME = "$(TARGET_NAME)";
				SWIFT_VERSION = 3.0;
				TARGETED_DEVICE_FAMILY = "1,2";
			};
			name = Debug;
		};
		18F18AA11E5C6C4E00FECC11 /* Release */ = {
			isa = XCBuildConfiguration;
			buildSettings = {
				ASSETCATALOG_COMPILER_APPICON_NAME = AppIcon;
				DEVELOPMENT_TEAM = 36AQE8HEVG;
				INFOPLIST_FILE = FaceIt/Info.plist;
				LD_RUNPATH_SEARCH_PATHS = "$(inherited) @executable_path/Frameworks";
				PRODUCT_BUNDLE_IDENTIFIER = BlueStanford.FaceIt;
				PRODUCT_NAME = "$(TARGET_NAME)";
				SWIFT_VERSION = 3.0;
				TARGETED_DEVICE_FAMILY = "1,2";
			};
			name = Release;
		};
/* End XCBuildConfiguration section */

/* Begin XCConfigurationList section */
		18F18A881E5C6C4E00FECC11 /* Build configuration list for PBXProject "FaceIt" */ = {
			isa = XCConfigurationList;
			buildConfigurations = (
				18F18A9D1E5C6C4E00FECC11 /* Debug */,
				18F18A9E1E5C6C4E00FECC11 /* Release */,
			);
			defaultConfigurationIsVisible = 0;
			defaultConfigurationName = Release;
		};
		18F18A9F1E5C6C4E00FECC11 /* Build configuration list for PBXNativeTarget "FaceIt" */ = {
			isa = XCConfigurationList;
			buildConfigurations = (
				18F18AA01E5C6C4E00FECC11 /* Debug */,
				18F18AA11E5C6C4E00FECC11 /* Release */,
			);
			defaultConfigurationIsVisible = 0;
			defaultConfigurationName = Release;
		};
/* End XCConfigurationList section */
	};
	rootObject = 18F18A851E5C6C4E00FECC11 /* Project object */;
}
